// !$*UTF8*$!
{
	archiveVersion = 1;
	classes = {
	};
	objectVersion = 46;
	objects = {

/* Begin PBXBuildFile section */
		387996591B724A4F002AF433 /* main.m in Sources */ = {isa = PBXBuildFile; fileRef = 387996581B724A4F002AF433 /* main.m */; };
		3879965C1B724A4F002AF433 /* AppDelegate.m in Sources */ = {isa = PBXBuildFile; fileRef = 3879965B1B724A4F002AF433 /* AppDelegate.m */; };
		3879965F1B724A4F002AF433 /* GameScene.m in Sources */ = {isa = PBXBuildFile; fileRef = 3879965E1B724A4F002AF433 /* GameScene.m */; };
		387996611B724A4F002AF433 /* GameScene.sks in Resources */ = {isa = PBXBuildFile; fileRef = 387996601B724A4F002AF433 /* GameScene.sks */; };
		387996641B724A4F002AF433 /* GameViewController.m in Sources */ = {isa = PBXBuildFile; fileRef = 387996631B724A4F002AF433 /* GameViewController.m */; };
		387996671B724A4F002AF433 /* Main.storyboard in Resources */ = {isa = PBXBuildFile; fileRef = 387996651B724A4F002AF433 /* Main.storyboard */; };
		387996691B724A4F002AF433 /* Images.xcassets in Resources */ = {isa = PBXBuildFile; fileRef = 387996681B724A4F002AF433 /* Images.xcassets */; };
		3879966C1B724A4F002AF433 /* LaunchScreen.xib in Resources */ = {isa = PBXBuildFile; fileRef = 3879966A1B724A4F002AF433 /* LaunchScreen.xib */; };
		387996781B724A4F002AF433 /* CatchEmTests.m in Sources */ = {isa = PBXBuildFile; fileRef = 387996771B724A4F002AF433 /* CatchEmTests.m */; };
		387996891B7255A3002AF433 /* scoreNumber.png in Resources */ = {isa = PBXBuildFile; fileRef = 387996881B7255A3002AF433 /* scoreNumber.png */; };
		3879968E1B72594E002AF433 /* hit.mp3 in Resources */ = {isa = PBXBuildFile; fileRef = 3879968D1B72594E002AF433 /* hit.mp3 */; };
		387996901B725994002AF433 /* catch.mp3 in Resources */ = {isa = PBXBuildFile; fileRef = 3879968F1B725994002AF433 /* catch.mp3 */; };
		387996961B73B171002AF433 /* stacks-basket.png in Resources */ = {isa = PBXBuildFile; fileRef = 387996951B73B171002AF433 /* stacks-basket.png */; };
		387996981B7511EF002AF433 /* egg.png in Resources */ = {isa = PBXBuildFile; fileRef = 387996971B7511EF002AF433 /* egg.png */; };
		3879969C1B7513F9002AF433 /* wet-catch.mp3 in Resources */ = {isa = PBXBuildFile; fileRef = 3879969B1B7513F9002AF433 /* wet-catch.mp3 */; };
		3879969E1B75149A002AF433 /* bg.png in Resources */ = {isa = PBXBuildFile; fileRef = 3879969D1B75149A002AF433 /* bg.png */; };
/* End PBXBuildFile section */

/* Begin PBXContainerItemProxy section */
		387996721B724A4F002AF433 /* PBXContainerItemProxy */ = {
			isa = PBXContainerItemProxy;
			containerPortal = 3879964B1B724A4F002AF433 /* Project object */;
			proxyType = 1;
			remoteGlobalIDString = 387996521B724A4F002AF433;
			remoteInfo = CatchEm;
		};
/* End PBXContainerItemProxy section */

/* Begin PBXFileReference section */
		387996531B724A4F002AF433 /* CatchEm.app */ = {isa = PBXFileReference; explicitFileType = wrapper.application; includeInIndex = 0; path = CatchEm.app; sourceTree = BUILT_PRODUCTS_DIR; };
		387996571B724A4F002AF433 /* Info.plist */ = {isa = PBXFileReference; lastKnownFileType = text.plist.xml; path = Info.plist; sourceTree = "<group>"; };
		387996581B724A4F002AF433 /* main.m */ = {isa = PBXFileReference; lastKnownFileType = sourcecode.c.objc; path = main.m; sourceTree = "<group>"; };
		3879965A1B724A4F002AF433 /* AppDelegate.h */ = {isa = PBXFileReference; lastKnownFileType = sourcecode.c.h; path = AppDelegate.h; sourceTree = "<group>"; };
		3879965B1B724A4F002AF433 /* AppDelegate.m */ = {isa = PBXFileReference; lastKnownFileType = sourcecode.c.objc; path = AppDelegate.m; sourceTree = "<group>"; };
		3879965D1B724A4F002AF433 /* GameScene.h */ = {isa = PBXFileReference; lastKnownFileType = sourcecode.c.h; path = GameScene.h; sourceTree = "<group>"; };
		3879965E1B724A4F002AF433 /* GameScene.m */ = {isa = PBXFileReference; lastKnownFileType = sourcecode.c.objc; path = GameScene.m; sourceTree = "<group>"; };
		387996601B724A4F002AF433 /* GameScene.sks */ = {isa = PBXFileReference; lastKnownFileType = file.sks; path = GameScene.sks; sourceTree = "<group>"; };
		387996621B724A4F002AF433 /* GameViewController.h */ = {isa = PBXFileReference; lastKnownFileType = sourcecode.c.h; path = GameViewController.h; sourceTree = "<group>"; };
		387996631B724A4F002AF433 /* GameViewController.m */ = {isa = PBXFileReference; lastKnownFileType = sourcecode.c.objc; path = GameViewController.m; sourceTree = "<group>"; };
		387996661B724A4F002AF433 /* Base */ = {isa = PBXFileReference; lastKnownFileType = file.storyboard; name = Base; path = Base.lproj/Main.storyboard; sourceTree = "<group>"; };
		387996681B724A4F002AF433 /* Images.xcassets */ = {isa = PBXFileReference; lastKnownFileType = folder.assetcatalog; path = Images.xcassets; sourceTree = "<group>"; };
		3879966B1B724A4F002AF433 /* Base */ = {isa = PBXFileReference; lastKnownFileType = file.xib; name = Base; path = Base.lproj/LaunchScreen.xib; sourceTree = "<group>"; };
		387996711B724A4F002AF433 /* CatchEmTests.xctest */ = {isa = PBXFileReference; explicitFileType = wrapper.cfbundle; includeInIndex = 0; path = CatchEmTests.xctest; sourceTree = BUILT_PRODUCTS_DIR; };
		387996761B724A4F002AF433 /* Info.plist */ = {isa = PBXFileReference; lastKnownFileType = text.plist.xml; path = Info.plist; sourceTree = "<group>"; };
		387996771B724A4F002AF433 /* CatchEmTests.m */ = {isa = PBXFileReference; lastKnownFileType = sourcecode.c.objc; path = CatchEmTests.m; sourceTree = "<group>"; };
		387996881B7255A3002AF433 /* scoreNumber.png */ = {isa = PBXFileReference; lastKnownFileType = image.png; path = scoreNumber.png; sourceTree = "<group>"; };
		3879968D1B72594E002AF433 /* hit.mp3 */ = {isa = PBXFileReference; lastKnownFileType = audio.mp3; path = hit.mp3; sourceTree = "<group>"; };
		3879968F1B725994002AF433 /* catch.mp3 */ = {isa = PBXFileReference; lastKnownFileType = audio.mp3; path = catch.mp3; sourceTree = "<group>"; };
		387996951B73B171002AF433 /* stacks-basket.png */ = {isa = PBXFileReference; lastKnownFileType = image.png; path = "stacks-basket.png"; sourceTree = "<group>"; };
		387996971B7511EF002AF433 /* egg.png */ = {isa = PBXFileReference; lastKnownFileType = image.png; path = egg.png; sourceTree = "<group>"; };
		3879969B1B7513F9002AF433 /* wet-catch.mp3 */ = {isa = PBXFileReference; lastKnownFileType = audio.mp3; path = "wet-catch.mp3"; sourceTree = "<group>"; };
		3879969D1B75149A002AF433 /* bg.png */ = {isa = PBXFileReference; lastKnownFileType = image.png; path = bg.png; sourceTree = "<group>"; };
/* End PBXFileReference section */

/* Begin PBXFrameworksBuildPhase section */
		387996501B724A4F002AF433 /* Frameworks */ = {
			isa = PBXFrameworksBuildPhase;
			buildActionMask = 2147483647;
			files = (
			);
			runOnlyForDeploymentPostprocessing = 0;
		};
		3879966E1B724A4F002AF433 /* Frameworks */ = {
			isa = PBXFrameworksBuildPhase;
			buildActionMask = 2147483647;
			files = (
			);
			runOnlyForDeploymentPostprocessing = 0;
		};
/* End PBXFrameworksBuildPhase section */

/* Begin PBXGroup section */
		3879964A1B724A4F002AF433 = {
			isa = PBXGroup;
			children = (
				387996551B724A4F002AF433 /* CatchEm */,
				387996741B724A4F002AF433 /* CatchEmTests */,
				387996541B724A4F002AF433 /* Products */,
			);
			sourceTree = "<group>";
		};
		387996541B724A4F002AF433 /* Products */ = {
			isa = PBXGroup;
			children = (
				387996531B724A4F002AF433 /* CatchEm.app */,
				387996711B724A4F002AF433 /* CatchEmTests.xctest */,
			);
			name = Products;
			sourceTree = "<group>";
		};
		387996551B724A4F002AF433 /* CatchEm */ = {
			isa = PBXGroup;
			children = (
				3879968A1B725816002AF433 /* Sounds */,
				387996811B724BC6002AF433 /* CatchemResources */,
				3879965A1B724A4F002AF433 /* AppDelegate.h */,
				3879965B1B724A4F002AF433 /* AppDelegate.m */,
				3879965D1B724A4F002AF433 /* GameScene.h */,
				3879965E1B724A4F002AF433 /* GameScene.m */,
				387996601B724A4F002AF433 /* GameScene.sks */,
				387996621B724A4F002AF433 /* GameViewController.h */,
				387996631B724A4F002AF433 /* GameViewController.m */,
				387996651B724A4F002AF433 /* Main.storyboard */,
				387996681B724A4F002AF433 /* Images.xcassets */,
				3879966A1B724A4F002AF433 /* LaunchScreen.xib */,
				387996561B724A4F002AF433 /* Supporting Files */,
			);
			path = CatchEm;
			sourceTree = "<group>";
		};
		387996561B724A4F002AF433 /* Supporting Files */ = {
			isa = PBXGroup;
			children = (
				387996571B724A4F002AF433 /* Info.plist */,
				387996581B724A4F002AF433 /* main.m */,
			);
			name = "Supporting Files";
			sourceTree = "<group>";
		};
		387996741B724A4F002AF433 /* CatchEmTests */ = {
			isa = PBXGroup;
			children = (
				387996771B724A4F002AF433 /* CatchEmTests.m */,
				387996751B724A4F002AF433 /* Supporting Files */,
			);
			path = CatchEmTests;
			sourceTree = "<group>";
		};
		387996751B724A4F002AF433 /* Supporting Files */ = {
			isa = PBXGroup;
			children = (
				387996761B724A4F002AF433 /* Info.plist */,
			);
			name = "Supporting Files";
			sourceTree = "<group>";
		};
		387996811B724BC6002AF433 /* CatchemResources */ = {
			isa = PBXGroup;
			children = (
				3879969D1B75149A002AF433 /* bg.png */,
				387996971B7511EF002AF433 /* egg.png */,
				387996881B7255A3002AF433 /* scoreNumber.png */,
				387996951B73B171002AF433 /* stacks-basket.png */,
			);
			name = CatchemResources;
			sourceTree = "<group>";
		};
		3879968A1B725816002AF433 /* Sounds */ = {
			isa = PBXGroup;
			children = (
				3879969B1B7513F9002AF433 /* wet-catch.mp3 */,
				3879968D1B72594E002AF433 /* hit.mp3 */,
				3879968F1B725994002AF433 /* catch.mp3 */,
			);
			name = Sounds;
			sourceTree = "<group>";
		};
/* End PBXGroup section */

/* Begin PBXNativeTarget section */
		387996521B724A4F002AF433 /* CatchEm */ = {
			isa = PBXNativeTarget;
			buildConfigurationList = 3879967B1B724A4F002AF433 /* Build configuration list for PBXNativeTarget "CatchEm" */;
			buildPhases = (
				3879964F1B724A4F002AF433 /* Sources */,
				387996501B724A4F002AF433 /* Frameworks */,
				387996511B724A4F002AF433 /* Resources */,
			);
			buildRules = (
			);
			dependencies = (
			);
			name = CatchEm;
			productName = CatchEm;
			productReference = 387996531B724A4F002AF433 /* CatchEm.app */;
			productType = "com.apple.product-type.application";
		};
		387996701B724A4F002AF433 /* CatchEmTests */ = {
			isa = PBXNativeTarget;
			buildConfigurationList = 3879967E1B724A4F002AF433 /* Build configuration list for PBXNativeTarget "CatchEmTests" */;
			buildPhases = (
				3879966D1B724A4F002AF433 /* Sources */,
				3879966E1B724A4F002AF433 /* Frameworks */,
				3879966F1B724A4F002AF433 /* Resources */,
			);
			buildRules = (
			);
			dependencies = (
				387996731B724A4F002AF433 /* PBXTargetDependency */,
			);
			name = CatchEmTests;
			productName = CatchEmTests;
			productReference = 387996711B724A4F002AF433 /* CatchEmTests.xctest */;
			productType = "com.apple.product-type.bundle.unit-test";
		};
/* End PBXNativeTarget section */

/* Begin PBXProject section */
		3879964B1B724A4F002AF433 /* Project object */ = {
			isa = PBXProject;
			attributes = {
				LastUpgradeCheck = 0640;
				ORGANIZATIONNAME = "Brian Stacks";
				TargetAttributes = {
					387996521B724A4F002AF433 = {
						CreatedOnToolsVersion = 6.4;
					};
					387996701B724A4F002AF433 = {
						CreatedOnToolsVersion = 6.4;
						TestTargetID = 387996521B724A4F002AF433;
					};
				};
			};
			buildConfigurationList = 3879964E1B724A4F002AF433 /* Build configuration list for PBXProject "CatchEm" */;
			compatibilityVersion = "Xcode 3.2";
			developmentRegion = English;
			hasScannedForEncodings = 0;
			knownRegions = (
				en,
				Base,
			);
			mainGroup = 3879964A1B724A4F002AF433;
			productRefGroup = 387996541B724A4F002AF433 /* Products */;
			projectDirPath = "";
			projectRoot = "";
			targets = (
				387996521B724A4F002AF433 /* CatchEm */,
				387996701B724A4F002AF433 /* CatchEmTests */,
			);
		};
/* End PBXProject section */

/* Begin PBXResourcesBuildPhase section */
		387996511B724A4F002AF433 /* Resources */ = {
			isa = PBXResourcesBuildPhase;
			buildActionMask = 2147483647;
			files = (
				3879966C1B724A4F002AF433 /* LaunchScreen.xib in Resources */,
				3879969E1B75149A002AF433 /* bg.png in Resources */,
				387996691B724A4F002AF433 /* Images.xcassets in Resources */,
				3879968E1B72594E002AF433 /* hit.mp3 in Resources */,
				387996961B73B171002AF433 /* stacks-basket.png in Resources */,
				387996611B724A4F002AF433 /* GameScene.sks in Resources */,
				387996671B724A4F002AF433 /* Main.storyboard in Resources */,
				3879969C1B7513F9002AF433 /* wet-catch.mp3 in Resources */,
				387996891B7255A3002AF433 /* scoreNumber.png in Resources */,
				387996981B7511EF002AF433 /* egg.png in Resources */,
				387996901B725994002AF433 /* catch.mp3 in Resources */,
			);
			runOnlyForDeploymentPostprocessing = 0;
		};
		3879966F1B724A4F002AF433 /* Resources */ = {
			isa = PBXResourcesBuildPhase;
			buildActionMask = 2147483647;
			files = (
			);
			runOnlyForDeploymentPostprocessing = 0;
		};
/* End PBXResourcesBuildPhase section */

/* Begin PBXSourcesBuildPhase section */
		3879964F1B724A4F002AF433 /* Sources */ = {
			isa = PBXSourcesBuildPhase;
			buildActionMask = 2147483647;
			files = (
				387996641B724A4F002AF433 /* GameViewController.m in Sources */,
				3879965C1B724A4F002AF433 /* AppDelegate.m in Sources */,
				3879965F1B724A4F002AF433 /* GameScene.m in Sources */,
				387996591B724A4F002AF433 /* main.m in Sources */,
			);
			runOnlyForDeploymentPostprocessing = 0;
		};
		3879966D1B724A4F002AF433 /* Sources */ = {
			isa = PBXSourcesBuildPhase;
			buildActionMask = 2147483647;
			files = (
				387996781B724A4F002AF433 /* CatchEmTests.m in Sources */,
			);
			runOnlyForDeploymentPostprocessing = 0;
		};
/* End PBXSourcesBuildPhase section */

/* Begin PBXTargetDependency section */
		387996731B724A4F002AF433 /* PBXTargetDependency */ = {
			isa = PBXTargetDependency;
			target = 387996521B724A4F002AF433 /* CatchEm */;
			targetProxy = 387996721B724A4F002AF433 /* PBXContainerItemProxy */;
		};
/* End PBXTargetDependency section */

/* Begin PBXVariantGroup section */
		387996651B724A4F002AF433 /* Main.storyboard */ = {
			isa = PBXVariantGroup;
			children = (
				387996661B724A4F002AF433 /* Base */,
			);
			name = Main.storyboard;
			sourceTree = "<group>";
		};
		3879966A1B724A4F002AF433 /* LaunchScreen.xib */ = {
			isa = PBXVariantGroup;
			children = (
				3879966B1B724A4F002AF433 /* Base */,
			);
			name = LaunchScreen.xib;
			sourceTree = "<group>";
		};
/* End PBXVariantGroup section */

/* Begin XCBuildConfiguration section */
		387996791B724A4F002AF433 /* Debug */ = {
			isa = XCBuildConfiguration;
			buildSettings = {
				ALWAYS_SEARCH_USER_PATHS = NO;
				CLANG_CXX_LANGUAGE_STANDARD = "gnu++0x";
				CLANG_CXX_LIBRARY = "libc++";
				CLANG_ENABLE_MODULES = YES;
				CLANG_ENABLE_OBJC_ARC = YES;
				CLANG_WARN_BOOL_CONVERSION = YES;
				CLANG_WARN_CONSTANT_CONVERSION = YES;
				CLANG_WARN_DIRECT_OBJC_ISA_USAGE = YES_ERROR;
				CLANG_WARN_EMPTY_BODY = YES;
				CLANG_WARN_ENUM_CONVERSION = YES;
				CLANG_WARN_INT_CONVERSION = YES;
				CLANG_WARN_OBJC_ROOT_CLASS = YES_ERROR;
				CLANG_WARN_UNREACHABLE_CODE = YES;
				CLANG_WARN__DUPLICATE_METHOD_MATCH = YES;
				"CODE_SIGN_IDENTITY[sdk=iphoneos*]" = "iPhone Developer";
				COPY_PHASE_STRIP = NO;
				DEBUG_INFORMATION_FORMAT = "dwarf-with-dsym";
				ENABLE_STRICT_OBJC_MSGSEND = YES;
				GCC_C_LANGUAGE_STANDARD = gnu99;
				GCC_DYNAMIC_NO_PIC = NO;
				GCC_NO_COMMON_BLOCKS = YES;
				GCC_OPTIMIZATION_LEVEL = 0;
				GCC_PREPROCESSOR_DEFINITIONS = (
					"DEBUG=1",
					"$(inherited)",
				);
				GCC_SYMBOLS_PRIVATE_EXTERN = NO;
				GCC_WARN_64_TO_32_BIT_CONVERSION = YES;
				GCC_WARN_ABOUT_RETURN_TYPE = YES_ERROR;
				GCC_WARN_UNDECLARED_SELECTOR = YES;
				GCC_WARN_UNINITIALIZED_AUTOS = YES_AGGRESSIVE;
				GCC_WARN_UNUSED_FUNCTION = YES;
				GCC_WARN_UNUSED_VARIABLE = YES;
				IPHONEOS_DEPLOYMENT_TARGET = 8.4;
				MTL_ENABLE_DEBUG_INFO = YES;
				ONLY_ACTIVE_ARCH = YES;
				SDKROOT = iphoneos;
				TARGETED_DEVICE_FAMILY = "1,2";
			};
			name = Debug;
		};
		3879967A1B724A4F002AF433 /* Release */ = {
			isa = XCBuildConfiguration;
			buildSettings = {
				ALWAYS_SEARCH_USER_PATHS = NO;
				CLANG_CXX_LANGUAGE_STANDARD = "gnu++0x";
				CLANG_CXX_LIBRARY = "libc++";
				CLANG_ENABLE_MODULES = YES;
				CLANG_ENABLE_OBJC_ARC = YES;
				CLANG_WARN_BOOL_CONVERSION = YES;
				CLANG_WARN_CONSTANT_CONVERSION = YES;
				CLANG_WARN_DIRECT_OBJC_ISA_USAGE = YES_ERROR;
				CLANG_WARN_EMPTY_BODY = YES;
				CLANG_WARN_ENUM_CONVERSION = YES;
				CLANG_WARN_INT_CONVERSION = YES;
				CLANG_WARN_OBJC_ROOT_CLASS = YES_ERROR;
				CLANG_WARN_UNREACHABLE_CODE = YES;
				CLANG_WARN__DUPLICATE_METHOD_MATCH = YES;
				"CODE_SIGN_IDENTITY[sdk=iphoneos*]" = "iPhone Developer";
				COPY_PHASE_STRIP = NO;
				DEBUG_INFORMATION_FORMAT = "dwarf-with-dsym";
				ENABLE_NS_ASSERTIONS = NO;
				ENABLE_STRICT_OBJC_MSGSEND = YES;
				GCC_C_LANGUAGE_STANDARD = gnu99;
				GCC_NO_COMMON_BLOCKS = YES;
				GCC_WARN_64_TO_32_BIT_CONVERSION = YES;
				GCC_WARN_ABOUT_RETURN_TYPE = YES_ERROR;
				GCC_WARN_UNDECLARED_SELECTOR = YES;
				GCC_WARN_UNINITIALIZED_AUTOS = YES_AGGRESSIVE;
				GCC_WARN_UNUSED_FUNCTION = YES;
				GCC_WARN_UNUSED_VARIABLE = YES;
				IPHONEOS_DEPLOYMENT_TARGET = 8.4;
				MTL_ENABLE_DEBUG_INFO = NO;
				SDKROOT = iphoneos;
				TARGETED_DEVICE_FAMILY = "1,2";
				VALIDATE_PRODUCT = YES;
			};
			name = Release;
		};
		3879967C1B724A4F002AF433 /* Debug */ = {
			isa = XCBuildConfiguration;
			buildSettings = {
				ASSETCATALOG_COMPILER_APPICON_NAME = AppIcon;
				INFOPLIST_FILE = CatchEm/Info.plist;
				LD_RUNPATH_SEARCH_PATHS = "$(inherited) @executable_path/Frameworks";
				PRODUCT_NAME = "$(TARGET_NAME)";
				TARGETED_DEVICE_FAMILY = "1,2";
			};
			name = Debug;
		};
		3879967D1B724A4F002AF433 /* Release */ = {
			isa = XCBuildConfiguration;
			buildSettings = {
				ASSETCATALOG_COMPILER_APPICON_NAME = AppIcon;
				INFOPLIST_FILE = CatchEm/Info.plist;
				LD_RUNPATH_SEARCH_PATHS = "$(inherited) @executable_path/Frameworks";
				PRODUCT_NAME = "$(TARGET_NAME)";
				TARGETED_DEVICE_FAMILY = "1,2";
			};
			name = Release;
		};
		3879967F1B724A4F002AF433 /* Debug */ = {
			isa = XCBuildConfiguration;
			buildSettings = {
				BUNDLE_LOADER = "$(TEST_HOST)";
				FRAMEWORK_SEARCH_PATHS = (
					"$(SDKROOT)/Developer/Library/Frameworks",
					"$(inherited)",
				);
				GCC_PREPROCESSOR_DEFINITIONS = (
					"DEBUG=1",
					"$(inherited)",
				);
				INFOPLIST_FILE = CatchEmTests/Info.plist;
				LD_RUNPATH_SEARCH_PATHS = "$(inherited) @executable_path/Frameworks @loader_path/Frameworks";
				PRODUCT_NAME = "$(TARGET_NAME)";
				TEST_HOST = "$(BUILT_PRODUCTS_DIR)/CatchEm.app/CatchEm";
			};
			name = Debug;
		};
		387996801B724A4F002AF433 /* Release */ = {
			isa = XCBuildConfiguration;
			buildSettings = {
				BUNDLE_LOADER = "$(TEST_HOST)";
				FRAMEWORK_SEARCH_PATHS = (
					"$(SDKROOT)/Developer/Library/Frameworks",
					"$(inherited)",
				);
				INFOPLIST_FILE = CatchEmTests/Info.plist;
				LD_RUNPATH_SEARCH_PATHS = "$(inherited) @executable_path/Frameworks @loader_path/Frameworks";
				PRODUCT_NAME = "$(TARGET_NAME)";
				TEST_HOST = "$(BUILT_PRODUCTS_DIR)/CatchEm.app/CatchEm";
			};
			name = Release;
		};
/* End XCBuildConfiguration section */

/* Begin XCConfigurationList section */
		3879964E1B724A4F002AF433 /* Build configuration list for PBXProject "CatchEm" */ = {
			isa = XCConfigurationList;
			buildConfigurations = (
				387996791B724A4F002AF433 /* Debug */,
				3879967A1B724A4F002AF433 /* Release */,
			);
			defaultConfigurationIsVisible = 0;
			defaultConfigurationName = Release;
		};
		3879967B1B724A4F002AF433 /* Build configuration list for PBXNativeTarget "CatchEm" */ = {
			isa = XCConfigurationList;
			buildConfigurations = (
				3879967C1B724A4F002AF433 /* Debug */,
				3879967D1B724A4F002AF433 /* Release */,
			);
			defaultConfigurationIsVisible = 0;
		};
		3879967E1B724A4F002AF433 /* Build configuration list for PBXNativeTarget "CatchEmTests" */ = {
			isa = XCConfigurationList;
			buildConfigurations = (
				3879967F1B724A4F002AF433 /* Debug */,
				387996801B724A4F002AF433 /* Release */,
			);
			defaultConfigurationIsVisible = 0;
		};
/* End XCConfigurationList section */
	};
	rootObject = 3879964B1B724A4F002AF433 /* Project object */;
}
